
Microsoft Visual Studio Solution File, Format Version 12.00
# Visual Studio Version 17
VisualStudioVersion = 17.5.2.0
MinimumVisualStudioVersion = 10.0.40219.1
Project("{FAE04EC0-301F-11D3-BF4B-00C04F79EFBC}") = "Lab03-Мушникова", "Lab03-Мушникова.csproj", "{F4FF2BCA-6D71-F833-7327-EAB52637F8B0}"
EndProject
Global
	GlobalSection(SolutionConfigurationPlatforms) = preSolution
		Debug|Any CPU = Debug|Any CPU
		Release|Any CPU = Release|Any CPU
	EndGlobalSection
	GlobalSection(ProjectConfigurationPlatforms) = postSolution
		{F4FF2BCA-6D71-F833-7327-EAB52637F8B0}.Debug|Any CPU.ActiveCfg = Debug|Any CPU
		{F4FF2BCA-6D71-F833-7327-EAB52637F8B0}.Debug|Any CPU.Build.0 = Debug|Any CPU
		{F4FF2BCA-6D71-F833-7327-EAB52637F8B0}.Release|Any CPU.ActiveCfg = Release|Any CPU
		{F4FF2BCA-6D71-F833-7327-EAB52637F8B0}.Release|Any CPU.Build.0 = Release|Any CPU
	EndGlobalSection
	GlobalSection(SolutionProperties) = preSolution
		HideSolutionNode = FALSE
	EndGlobalSection
	GlobalSection(ExtensibilityGlobals) = postSolution
		SolutionGuid = {012ABFD4-D7FB-4B79-8174-5EA390311472}
	EndGlobalSection
EndGlobal
